// !$*UTF8*$!
{
	archiveVersion = 1;
	classes = {
	};
	objectVersion = 77;
	objects = {

/* Begin PBXBuildFile section */
		2EFB31262CE05AE70062EA71 /* FirebaseAuth in Frameworks */ = {isa = PBXBuildFile; productRef = 2EFB31252CE05AE70062EA71 /* FirebaseAuth */; };
		2EFB31282CE05AE70062EA71 /* FirebaseFirestore in Frameworks */ = {isa = PBXBuildFile; productRef = 2EFB31272CE05AE70062EA71 /* FirebaseFirestore */; };
		2EFB312A2CE05AE70062EA71 /* FirebaseFunctions in Frameworks */ = {isa = PBXBuildFile; productRef = 2EFB31292CE05AE70062EA71 /* FirebaseFunctions */; };
		2EFB312C2CE05AE70062EA71 /* FirebaseInAppMessaging-Beta in Frameworks */ = {isa = PBXBuildFile; productRef = 2EFB312B2CE05AE70062EA71 /* FirebaseInAppMessaging-Beta */; };
		2EFB312E2CE05AE70062EA71 /* FirebaseMessaging in Frameworks */ = {isa = PBXBuildFile; productRef = 2EFB312D2CE05AE70062EA71 /* FirebaseMessaging */; };
		2EFB31302CE05AE70062EA71 /* FirebaseStorage in Frameworks */ = {isa = PBXBuildFile; productRef = 2EFB312F2CE05AE70062EA71 /* FirebaseStorage */; };
		2EFB31332CE05BE90062EA71 /* Kingfisher in Frameworks */ = {isa = PBXBuildFile; productRef = 2EFB31322CE05BE90062EA71 /* Kingfisher */; };
/* End PBXBuildFile section */

/* Begin PBXContainerItemProxy section */
		55E6E89E2CD3F6F700B2BA5F /* PBXContainerItemProxy */ = {
			isa = PBXContainerItemProxy;
			containerPortal = 55E6E8852CD3F6F500B2BA5F /* Project object */;
			proxyType = 1;
			remoteGlobalIDString = 55E6E88C2CD3F6F500B2BA5F;
			remoteInfo = SnapScroll_NRR;
		};
		55E6E8A82CD3F6F700B2BA5F /* PBXContainerItemProxy */ = {
			isa = PBXContainerItemProxy;
			containerPortal = 55E6E8852CD3F6F500B2BA5F /* Project object */;
			proxyType = 1;
			remoteGlobalIDString = 55E6E88C2CD3F6F500B2BA5F;
			remoteInfo = SnapScroll_NRR;
		};
/* End PBXContainerItemProxy section */

/* Begin PBXFileReference section */
		55E6E88D2CD3F6F500B2BA5F /* SnapScroll_NRR.app */ = {isa = PBXFileReference; explicitFileType = wrapper.application; includeInIndex = 0; path = SnapScroll_NRR.app; sourceTree = BUILT_PRODUCTS_DIR; };
		55E6E89D2CD3F6F700B2BA5F /* SnapScroll_NRRTests.xctest */ = {isa = PBXFileReference; explicitFileType = wrapper.cfbundle; includeInIndex = 0; path = SnapScroll_NRRTests.xctest; sourceTree = BUILT_PRODUCTS_DIR; };
		55E6E8A72CD3F6F700B2BA5F /* SnapScroll_NRRUITests.xctest */ = {isa = PBXFileReference; explicitFileType = wrapper.cfbundle; includeInIndex = 0; path = SnapScroll_NRRUITests.xctest; sourceTree = BUILT_PRODUCTS_DIR; };
/* End PBXFileReference section */

/* Begin PBXFileSystemSynchronizedRootGroup section */
		55E6E88F2CD3F6F500B2BA5F /* SnapScroll_NRR */ = {
			isa = PBXFileSystemSynchronizedRootGroup;
			path = SnapScroll_NRR;
			sourceTree = "<group>";
		};
		55E6E8A02CD3F6F700B2BA5F /* SnapScroll_NRRTests */ = {
			isa = PBXFileSystemSynchronizedRootGroup;
			path = SnapScroll_NRRTests;
			sourceTree = "<group>";
		};
		55E6E8AA2CD3F6F700B2BA5F /* SnapScroll_NRRUITests */ = {
			isa = PBXFileSystemSynchronizedRootGroup;
			path = SnapScroll_NRRUITests;
			sourceTree = "<group>";
		};
/* End PBXFileSystemSynchronizedRootGroup section */

/* Begin PBXFrameworksBuildPhase section */
		55E6E88A2CD3F6F500B2BA5F /* Frameworks */ = {
			isa = PBXFrameworksBuildPhase;
			buildActionMask = 2147483647;
			files = (
				2EFB312A2CE05AE70062EA71 /* FirebaseFunctions in Frameworks */,
				2EFB31262CE05AE70062EA71 /* FirebaseAuth in Frameworks */,
				2EFB31332CE05BE90062EA71 /* Kingfisher in Frameworks */,
				2EFB312E2CE05AE70062EA71 /* FirebaseMessaging in Frameworks */,
				2EFB31282CE05AE70062EA71 /* FirebaseFirestore in Frameworks */,
				2EFB312C2CE05AE70062EA71 /* FirebaseInAppMessaging-Beta in Frameworks */,
				2EFB31302CE05AE70062EA71 /* FirebaseStorage in Frameworks */,
			);
			runOnlyForDeploymentPostprocessing = 0;
		};
		55E6E89A2CD3F6F700B2BA5F /* Frameworks */ = {
			isa = PBXFrameworksBuildPhase;
			buildActionMask = 2147483647;
			files = (
			);
			runOnlyForDeploymentPostprocessing = 0;
		};
		55E6E8A42CD3F6F700B2BA5F /* Frameworks */ = {
			isa = PBXFrameworksBuildPhase;
			buildActionMask = 2147483647;
			files = (
			);
			runOnlyForDeploymentPostprocessing = 0;
		};
/* End PBXFrameworksBuildPhase section */

/* Begin PBXGroup section */
		55E6E8842CD3F6F500B2BA5F = {
			isa = PBXGroup;
			children = (
				55E6E88F2CD3F6F500B2BA5F /* SnapScroll_NRR */,
				55E6E8A02CD3F6F700B2BA5F /* SnapScroll_NRRTests */,
				55E6E8AA2CD3F6F700B2BA5F /* SnapScroll_NRRUITests */,
				55E6E88E2CD3F6F500B2BA5F /* Products */,
			);
			sourceTree = "<group>";
		};
		55E6E88E2CD3F6F500B2BA5F /* Products */ = {
			isa = PBXGroup;
			children = (
				55E6E88D2CD3F6F500B2BA5F /* SnapScroll_NRR.app */,
				55E6E89D2CD3F6F700B2BA5F /* SnapScroll_NRRTests.xctest */,
				55E6E8A72CD3F6F700B2BA5F /* SnapScroll_NRRUITests.xctest */,
			);
			name = Products;
			sourceTree = "<group>";
		};
/* End PBXGroup section */

/* Begin PBXNativeTarget section */
		55E6E88C2CD3F6F500B2BA5F /* SnapScroll_NRR */ = {
			isa = PBXNativeTarget;
			buildConfigurationList = 55E6E8B12CD3F6F700B2BA5F /* Build configuration list for PBXNativeTarget "SnapScroll_NRR" */;
			buildPhases = (
				55E6E8892CD3F6F500B2BA5F /* Sources */,
				55E6E88A2CD3F6F500B2BA5F /* Frameworks */,
				55E6E88B2CD3F6F500B2BA5F /* Resources */,
			);
			buildRules = (
			);
			dependencies = (
			);
			fileSystemSynchronizedGroups = (
				55E6E88F2CD3F6F500B2BA5F /* SnapScroll_NRR */,
			);
			name = SnapScroll_NRR;
			packageProductDependencies = (
				2EFB31252CE05AE70062EA71 /* FirebaseAuth */,
				2EFB31272CE05AE70062EA71 /* FirebaseFirestore */,
				2EFB31292CE05AE70062EA71 /* FirebaseFunctions */,
				2EFB312B2CE05AE70062EA71 /* FirebaseInAppMessaging-Beta */,
				2EFB312D2CE05AE70062EA71 /* FirebaseMessaging */,
				2EFB312F2CE05AE70062EA71 /* FirebaseStorage */,
				2EFB31322CE05BE90062EA71 /* Kingfisher */,
			);
			productName = SnapScroll_NRR;
			productReference = 55E6E88D2CD3F6F500B2BA5F /* SnapScroll_NRR.app */;
			productType = "com.apple.product-type.application";
		};
		55E6E89C2CD3F6F700B2BA5F /* SnapScroll_NRRTests */ = {
			isa = PBXNativeTarget;
			buildConfigurationList = 55E6E8B42CD3F6F700B2BA5F /* Build configuration list for PBXNativeTarget "SnapScroll_NRRTests" */;
			buildPhases = (
				55E6E8992CD3F6F700B2BA5F /* Sources */,
				55E6E89A2CD3F6F700B2BA5F /* Frameworks */,
				55E6E89B2CD3F6F700B2BA5F /* Resources */,
			);
			buildRules = (
			);
			dependencies = (
				55E6E89F2CD3F6F700B2BA5F /* PBXTargetDependency */,
			);
			fileSystemSynchronizedGroups = (
				55E6E8A02CD3F6F700B2BA5F /* SnapScroll_NRRTests */,
			);
			name = SnapScroll_NRRTests;
			packageProductDependencies = (
			);
			productName = SnapScroll_NRRTests;
			productReference = 55E6E89D2CD3F6F700B2BA5F /* SnapScroll_NRRTests.xctest */;
			productType = "com.apple.product-type.bundle.unit-test";
		};
		55E6E8A62CD3F6F700B2BA5F /* SnapScroll_NRRUITests */ = {
			isa = PBXNativeTarget;
			buildConfigurationList = 55E6E8B72CD3F6F700B2BA5F /* Build configuration list for PBXNativeTarget "SnapScroll_NRRUITests" */;
			buildPhases = (
				55E6E8A32CD3F6F700B2BA5F /* Sources */,
				55E6E8A42CD3F6F700B2BA5F /* Frameworks */,
				55E6E8A52CD3F6F700B2BA5F /* Resources */,
			);
			buildRules = (
			);
			dependencies = (
				55E6E8A92CD3F6F700B2BA5F /* PBXTargetDependency */,
			);
			fileSystemSynchronizedGroups = (
				55E6E8AA2CD3F6F700B2BA5F /* SnapScroll_NRRUITests */,
			);
			name = SnapScroll_NRRUITests;
			packageProductDependencies = (
			);
			productName = SnapScroll_NRRUITests;
			productReference = 55E6E8A72CD3F6F700B2BA5F /* SnapScroll_NRRUITests.xctest */;
			productType = "com.apple.product-type.bundle.ui-testing";
		};
/* End PBXNativeTarget section */

/* Begin PBXProject section */
		55E6E8852CD3F6F500B2BA5F /* Project object */ = {
			isa = PBXProject;
			attributes = {
				BuildIndependentTargetsInParallel = 1;
				LastSwiftUpdateCheck = 1610;
				LastUpgradeCheck = 1610;
				TargetAttributes = {
					55E6E88C2CD3F6F500B2BA5F = {
						CreatedOnToolsVersion = 16.1;
					};
					55E6E89C2CD3F6F700B2BA5F = {
						CreatedOnToolsVersion = 16.1;
						TestTargetID = 55E6E88C2CD3F6F500B2BA5F;
					};
					55E6E8A62CD3F6F700B2BA5F = {
						CreatedOnToolsVersion = 16.1;
						TestTargetID = 55E6E88C2CD3F6F500B2BA5F;
					};
				};
			};
			buildConfigurationList = 55E6E8882CD3F6F500B2BA5F /* Build configuration list for PBXProject "SnapScroll_NRR" */;
			developmentRegion = en;
			hasScannedForEncodings = 0;
			knownRegions = (
				en,
				Base,
			);
			mainGroup = 55E6E8842CD3F6F500B2BA5F;
			minimizedProjectReferenceProxies = 1;
			packageReferences = (
				2EFB31242CE05AE70062EA71 /* XCRemoteSwiftPackageReference "firebase-ios-sdk" */,
				2EFB31312CE05BE90062EA71 /* XCRemoteSwiftPackageReference "Kingfisher" */,
			);
			preferredProjectObjectVersion = 77;
			productRefGroup = 55E6E88E2CD3F6F500B2BA5F /* Products */;
			projectDirPath = "";
			projectRoot = "";
			targets = (
				55E6E88C2CD3F6F500B2BA5F /* SnapScroll_NRR */,
				55E6E89C2CD3F6F700B2BA5F /* SnapScroll_NRRTests */,
				55E6E8A62CD3F6F700B2BA5F /* SnapScroll_NRRUITests */,
			);
		};
/* End PBXProject section */

/* Begin PBXResourcesBuildPhase section */
		55E6E88B2CD3F6F500B2BA5F /* Resources */ = {
			isa = PBXResourcesBuildPhase;
			buildActionMask = 2147483647;
			files = (
			);
			runOnlyForDeploymentPostprocessing = 0;
		};
		55E6E89B2CD3F6F700B2BA5F /* Resources */ = {
			isa = PBXResourcesBuildPhase;
			buildActionMask = 2147483647;
			files = (
			);
			runOnlyForDeploymentPostprocessing = 0;
		};
		55E6E8A52CD3F6F700B2BA5F /* Resources */ = {
			isa = PBXResourcesBuildPhase;
			buildActionMask = 2147483647;
			files = (
			);
			runOnlyForDeploymentPostprocessing = 0;
		};
/* End PBXResourcesBuildPhase section */

/* Begin PBXSourcesBuildPhase section */
		55E6E8892CD3F6F500B2BA5F /* Sources */ = {
			isa = PBXSourcesBuildPhase;
			buildActionMask = 2147483647;
			files = (
			);
			runOnlyForDeploymentPostprocessing = 0;
		};
		55E6E8992CD3F6F700B2BA5F /* Sources */ = {
			isa = PBXSourcesBuildPhase;
			buildActionMask = 2147483647;
			files = (
			);
			runOnlyForDeploymentPostprocessing = 0;
		};
		55E6E8A32CD3F6F700B2BA5F /* Sources */ = {
			isa = PBXSourcesBuildPhase;
			buildActionMask = 2147483647;
			files = (
			);
			runOnlyForDeploymentPostprocessing = 0;
		};
/* End PBXSourcesBuildPhase section */

/* Begin PBXTargetDependency section */
		55E6E89F2CD3F6F700B2BA5F /* PBXTargetDependency */ = {
			isa = PBXTargetDependency;
			target = 55E6E88C2CD3F6F500B2BA5F /* SnapScroll_NRR */;
			targetProxy = 55E6E89E2CD3F6F700B2BA5F /* PBXContainerItemProxy */;
		};
		55E6E8A92CD3F6F700B2BA5F /* PBXTargetDependency */ = {
			isa = PBXTargetDependency;
			target = 55E6E88C2CD3F6F500B2BA5F /* SnapScroll_NRR */;
			targetProxy = 55E6E8A82CD3F6F700B2BA5F /* PBXContainerItemProxy */;
		};
/* End PBXTargetDependency section */

/* Begin XCBuildConfiguration section */
		55E6E8AF2CD3F6F700B2BA5F /* Debug */ = {
			isa = XCBuildConfiguration;
			buildSettings = {
				ALWAYS_SEARCH_USER_PATHS = NO;
				ASSETCATALOG_COMPILER_GENERATE_SWIFT_ASSET_SYMBOL_EXTENSIONS = YES;
				CLANG_ANALYZER_NONNULL = YES;
				CLANG_ANALYZER_NUMBER_OBJECT_CONVERSION = YES_AGGRESSIVE;
				CLANG_CXX_LANGUAGE_STANDARD = "gnu++20";
				CLANG_ENABLE_MODULES = YES;
				CLANG_ENABLE_OBJC_ARC = YES;
				CLANG_ENABLE_OBJC_WEAK = YES;
				CLANG_WARN_BLOCK_CAPTURE_AUTORELEASING = YES;
				CLANG_WARN_BOOL_CONVERSION = YES;
				CLANG_WARN_COMMA = YES;
				CLANG_WARN_CONSTANT_CONVERSION = YES;
				CLANG_WARN_DEPRECATED_OBJC_IMPLEMENTATIONS = YES;
				CLANG_WARN_DIRECT_OBJC_ISA_USAGE = YES_ERROR;
				CLANG_WARN_DOCUMENTATION_COMMENTS = YES;
				CLANG_WARN_EMPTY_BODY = YES;
				CLANG_WARN_ENUM_CONVERSION = YES;
				CLANG_WARN_INFINITE_RECURSION = YES;
				CLANG_WARN_INT_CONVERSION = YES;
				CLANG_WARN_NON_LITERAL_NULL_CONVERSION = YES;
				CLANG_WARN_OBJC_IMPLICIT_RETAIN_SELF = YES;
				CLANG_WARN_OBJC_LITERAL_CONVERSION = YES;
				CLANG_WARN_OBJC_ROOT_CLASS = YES_ERROR;
				CLANG_WARN_QUOTED_INCLUDE_IN_FRAMEWORK_HEADER = YES;
				CLANG_WARN_RANGE_LOOP_ANALYSIS = YES;
				CLANG_WARN_STRICT_PROTOTYPES = YES;
				CLANG_WARN_SUSPICIOUS_MOVE = YES;
				CLANG_WARN_UNGUARDED_AVAILABILITY = YES_AGGRESSIVE;
				CLANG_WARN_UNREACHABLE_CODE = YES;
				CLANG_WARN__DUPLICATE_METHOD_MATCH = YES;
				COPY_PHASE_STRIP = NO;
				DEBUG_INFORMATION_FORMAT = dwarf;
				ENABLE_STRICT_OBJC_MSGSEND = YES;
				ENABLE_TESTABILITY = YES;
				ENABLE_USER_SCRIPT_SANDBOXING = YES;
				GCC_C_LANGUAGE_STANDARD = gnu17;
				GCC_DYNAMIC_NO_PIC = NO;
				GCC_NO_COMMON_BLOCKS = YES;
				GCC_OPTIMIZATION_LEVEL = 0;
				GCC_PREPROCESSOR_DEFINITIONS = (
					"DEBUG=1",
					"$(inherited)",
				);
				GCC_WARN_64_TO_32_BIT_CONVERSION = YES;
				GCC_WARN_ABOUT_RETURN_TYPE = YES_ERROR;
				GCC_WARN_UNDECLARED_SELECTOR = YES;
				GCC_WARN_UNINITIALIZED_AUTOS = YES_AGGRESSIVE;
				GCC_WARN_UNUSED_FUNCTION = YES;
				GCC_WARN_UNUSED_VARIABLE = YES;
				IPHONEOS_DEPLOYMENT_TARGET = 18.1;
				LOCALIZATION_PREFERS_STRING_CATALOGS = YES;
				MTL_ENABLE_DEBUG_INFO = INCLUDE_SOURCE;
				MTL_FAST_MATH = YES;
				ONLY_ACTIVE_ARCH = YES;
				SDKROOT = iphoneos;
				SWIFT_ACTIVE_COMPILATION_CONDITIONS = "DEBUG $(inherited)";
				SWIFT_OPTIMIZATION_LEVEL = "-Onone";
			};
			name = Debug;
		};
		55E6E8B02CD3F6F700B2BA5F /* Release */ = {
			isa = XCBuildConfiguration;
			buildSettings = {
				ALWAYS_SEARCH_USER_PATHS = NO;
				ASSETCATALOG_COMPILER_GENERATE_SWIFT_ASSET_SYMBOL_EXTENSIONS = YES;
				CLANG_ANALYZER_NONNULL = YES;
				CLANG_ANALYZER_NUMBER_OBJECT_CONVERSION = YES_AGGRESSIVE;
				CLANG_CXX_LANGUAGE_STANDARD = "gnu++20";
				CLANG_ENABLE_MODULES = YES;
				CLANG_ENABLE_OBJC_ARC = YES;
				CLANG_ENABLE_OBJC_WEAK = YES;
				CLANG_WARN_BLOCK_CAPTURE_AUTORELEASING = YES;
				CLANG_WARN_BOOL_CONVERSION = YES;
				CLANG_WARN_COMMA = YES;
				CLANG_WARN_CONSTANT_CONVERSION = YES;
				CLANG_WARN_DEPRECATED_OBJC_IMPLEMENTATIONS = YES;
				CLANG_WARN_DIRECT_OBJC_ISA_USAGE = YES_ERROR;
				CLANG_WARN_DOCUMENTATION_COMMENTS = YES;
				CLANG_WARN_EMPTY_BODY = YES;
				CLANG_WARN_ENUM_CONVERSION = YES;
				CLANG_WARN_INFINITE_RECURSION = YES;
				CLANG_WARN_INT_CONVERSION = YES;
				CLANG_WARN_NON_LITERAL_NULL_CONVERSION = YES;
				CLANG_WARN_OBJC_IMPLICIT_RETAIN_SELF = YES;
				CLANG_WARN_OBJC_LITERAL_CONVERSION = YES;
				CLANG_WARN_OBJC_ROOT_CLASS = YES_ERROR;
				CLANG_WARN_QUOTED_INCLUDE_IN_FRAMEWORK_HEADER = YES;
				CLANG_WARN_RANGE_LOOP_ANALYSIS = YES;
				CLANG_WARN_STRICT_PROTOTYPES = YES;
				CLANG_WARN_SUSPICIOUS_MOVE = YES;
				CLANG_WARN_UNGUARDED_AVAILABILITY = YES_AGGRESSIVE;
				CLANG_WARN_UNREACHABLE_CODE = YES;
				CLANG_WARN__DUPLICATE_METHOD_MATCH = YES;
				COPY_PHASE_STRIP = NO;
				DEBUG_INFORMATION_FORMAT = "dwarf-with-dsym";
				ENABLE_NS_ASSERTIONS = NO;
				ENABLE_STRICT_OBJC_MSGSEND = YES;
				ENABLE_USER_SCRIPT_SANDBOXING = YES;
				GCC_C_LANGUAGE_STANDARD = gnu17;
				GCC_NO_COMMON_BLOCKS = YES;
				GCC_WARN_64_TO_32_BIT_CONVERSION = YES;
				GCC_WARN_ABOUT_RETURN_TYPE = YES_ERROR;
				GCC_WARN_UNDECLARED_SELECTOR = YES;
				GCC_WARN_UNINITIALIZED_AUTOS = YES_AGGRESSIVE;
				GCC_WARN_UNUSED_FUNCTION = YES;
				GCC_WARN_UNUSED_VARIABLE = YES;
				IPHONEOS_DEPLOYMENT_TARGET = 18.1;
				LOCALIZATION_PREFERS_STRING_CATALOGS = YES;
				MTL_ENABLE_DEBUG_INFO = NO;
				MTL_FAST_MATH = YES;
				SDKROOT = iphoneos;
				SWIFT_COMPILATION_MODE = wholemodule;
				VALIDATE_PRODUCT = YES;
			};
			name = Release;
		};
		55E6E8B22CD3F6F700B2BA5F /* Debug */ = {
			isa = XCBuildConfiguration;
			buildSettings = {
				ASSETCATALOG_COMPILER_GLOBAL_ACCENT_COLOR_NAME = AccentColor;
				CODE_SIGN_STYLE = Automatic;
				CURRENT_PROJECT_VERSION = 1;
				DEVELOPMENT_ASSET_PATHS = "\"SnapScroll_NRR/Preview Content\"";
				ENABLE_PREVIEWS = YES;
				GENERATE_INFOPLIST_FILE = YES;
				INFOPLIST_KEY_LSApplicationCategoryType = "public.app-category.entertainment";
				INFOPLIST_KEY_UIApplicationSceneManifest_Generation = YES;
				INFOPLIST_KEY_UIApplicationSupportsIndirectInputEvents = YES;
				INFOPLIST_KEY_UILaunchScreen_Generation = YES;
				INFOPLIST_KEY_UISupportedInterfaceOrientations = UIInterfaceOrientationPortrait;
				LD_RUNPATH_SEARCH_PATHS = (
					"$(inherited)",
					"@executable_path/Frameworks",
				);
				MARKETING_VERSION = 1.0;
				PRODUCT_BUNDLE_IDENTIFIER = "com.practice.SnapScroll-NRR";
				PRODUCT_NAME = "$(TARGET_NAME)";
				SWIFT_EMIT_LOC_STRINGS = YES;
				SWIFT_VERSION = 5.0;
				TARGETED_DEVICE_FAMILY = "1,2";
			};
			name = Debug;
		};
		55E6E8B32CD3F6F700B2BA5F /* Release */ = {
			isa = XCBuildConfiguration;
			buildSettings = {
				ASSETCATALOG_COMPILER_GLOBAL_ACCENT_COLOR_NAME = AccentColor;
				CODE_SIGN_STYLE = Automatic;
				CURRENT_PROJECT_VERSION = 1;
				DEVELOPMENT_ASSET_PATHS = "\"SnapScroll_NRR/Preview Content\"";
				ENABLE_PREVIEWS = YES;
				GENERATE_INFOPLIST_FILE = YES;
				INFOPLIST_KEY_LSApplicationCategoryType = "public.app-category.entertainment";
				INFOPLIST_KEY_UIApplicationSceneManifest_Generation = YES;
				INFOPLIST_KEY_UIApplicationSupportsIndirectInputEvents = YES;
				INFOPLIST_KEY_UILaunchScreen_Generation = YES;
				INFOPLIST_KEY_UISupportedInterfaceOrientations = UIInterfaceOrientationPortrait;
				LD_RUNPATH_SEARCH_PATHS = (
					"$(inherited)",
					"@executable_path/Frameworks",
				);
				MARKETING_VERSION = 1.0;
				PRODUCT_BUNDLE_IDENTIFIER = "com.practice.SnapScroll-NRR";
				PRODUCT_NAME = "$(TARGET_NAME)";
				SWIFT_EMIT_LOC_STRINGS = YES;
				SWIFT_VERSION = 5.0;
				TARGETED_DEVICE_FAMILY = "1,2";
			};
			name = Release;
		};
		55E6E8B52CD3F6F700B2BA5F /* Debug */ = {
			isa = XCBuildConfiguration;
			buildSettings = {
				BUNDLE_LOADER = "$(TEST_HOST)";
				CODE_SIGN_STYLE = Automatic;
				CURRENT_PROJECT_VERSION = 1;
				GENERATE_INFOPLIST_FILE = YES;
				IPHONEOS_DEPLOYMENT_TARGET = 18.1;
				MARKETING_VERSION = 1.0;
				PRODUCT_BUNDLE_IDENTIFIER = "com.practice.SnapScroll-NRRTests";
				PRODUCT_NAME = "$(TARGET_NAME)";
				SWIFT_EMIT_LOC_STRINGS = NO;
				SWIFT_VERSION = 5.0;
				TARGETED_DEVICE_FAMILY = "1,2";
				TEST_HOST = "$(BUILT_PRODUCTS_DIR)/SnapScroll_NRR.app/$(BUNDLE_EXECUTABLE_FOLDER_PATH)/SnapScroll_NRR";
			};
			name = Debug;
		};
		55E6E8B62CD3F6F700B2BA5F /* Release */ = {
			isa = XCBuildConfiguration;
			buildSettings = {
				BUNDLE_LOADER = "$(TEST_HOST)";
				CODE_SIGN_STYLE = Automatic;
				CURRENT_PROJECT_VERSION = 1;
				GENERATE_INFOPLIST_FILE = YES;
				IPHONEOS_DEPLOYMENT_TARGET = 18.1;
				MARKETING_VERSION = 1.0;
				PRODUCT_BUNDLE_IDENTIFIER = "com.practice.SnapScroll-NRRTests";
				PRODUCT_NAME = "$(TARGET_NAME)";
				SWIFT_EMIT_LOC_STRINGS = NO;
				SWIFT_VERSION = 5.0;
				TARGETED_DEVICE_FAMILY = "1,2";
				TEST_HOST = "$(BUILT_PRODUCTS_DIR)/SnapScroll_NRR.app/$(BUNDLE_EXECUTABLE_FOLDER_PATH)/SnapScroll_NRR";
			};
			name = Release;
		};
		55E6E8B82CD3F6F700B2BA5F /* Debug */ = {
			isa = XCBuildConfiguration;
			buildSettings = {
				CODE_SIGN_STYLE = Automatic;
				CURRENT_PROJECT_VERSION = 1;
				GENERATE_INFOPLIST_FILE = YES;
				MARKETING_VERSION = 1.0;
				PRODUCT_BUNDLE_IDENTIFIER = "com.practice.SnapScroll-NRRUITests";
				PRODUCT_NAME = "$(TARGET_NAME)";
				SWIFT_EMIT_LOC_STRINGS = NO;
				SWIFT_VERSION = 5.0;
				TARGETED_DEVICE_FAMILY = "1,2";
				TEST_TARGET_NAME = SnapScroll_NRR;
			};
			name = Debug;
		};
		55E6E8B92CD3F6F700B2BA5F /* Release */ = {
			isa = XCBuildConfiguration;
			buildSettings = {
				CODE_SIGN_STYLE = Automatic;
				CURRENT_PROJECT_VERSION = 1;
				GENERATE_INFOPLIST_FILE = YES;
				MARKETING_VERSION = 1.0;
				PRODUCT_BUNDLE_IDENTIFIER = "com.practice.SnapScroll-NRRUITests";
				PRODUCT_NAME = "$(TARGET_NAME)";
				SWIFT_EMIT_LOC_STRINGS = NO;
				SWIFT_VERSION = 5.0;
				TARGETED_DEVICE_FAMILY = "1,2";
				TEST_TARGET_NAME = SnapScroll_NRR;
			};
			name = Release;
		};
/* End XCBuildConfiguration section */

/* Begin XCConfigurationList section */
		55E6E8882CD3F6F500B2BA5F /* Build configuration list for PBXProject "SnapScroll_NRR" */ = {
			isa = XCConfigurationList;
			buildConfigurations = (
				55E6E8AF2CD3F6F700B2BA5F /* Debug */,
				55E6E8B02CD3F6F700B2BA5F /* Release */,
			);
			defaultConfigurationIsVisible = 0;
			defaultConfigurationName = Release;
		};
		55E6E8B12CD3F6F700B2BA5F /* Build configuration list for PBXNativeTarget "SnapScroll_NRR" */ = {
			isa = XCConfigurationList;
			buildConfigurations = (
				55E6E8B22CD3F6F700B2BA5F /* Debug */,
				55E6E8B32CD3F6F700B2BA5F /* Release */,
			);
			defaultConfigurationIsVisible = 0;
			defaultConfigurationName = Release;
		};
		55E6E8B42CD3F6F700B2BA5F /* Build configuration list for PBXNativeTarget "SnapScroll_NRRTests" */ = {
			isa = XCConfigurationList;
			buildConfigurations = (
				55E6E8B52CD3F6F700B2BA5F /* Debug */,
				55E6E8B62CD3F6F700B2BA5F /* Release */,
			);
			defaultConfigurationIsVisible = 0;
			defaultConfigurationName = Release;
		};
		55E6E8B72CD3F6F700B2BA5F /* Build configuration list for PBXNativeTarget "SnapScroll_NRRUITests" */ = {
			isa = XCConfigurationList;
			buildConfigurations = (
				55E6E8B82CD3F6F700B2BA5F /* Debug */,
				55E6E8B92CD3F6F700B2BA5F /* Release */,
			);
			defaultConfigurationIsVisible = 0;
			defaultConfigurationName = Release;
		};
/* End XCConfigurationList section */

/* Begin XCRemoteSwiftPackageReference section */
		2EFB31242CE05AE70062EA71 /* XCRemoteSwiftPackageReference "firebase-ios-sdk" */ = {
			isa = XCRemoteSwiftPackageReference;
			repositoryURL = "https://github.com/firebase/firebase-ios-sdk.git";
			requirement = {
				kind = upToNextMajorVersion;
				minimumVersion = 11.4.0;
			};
		};
		2EFB31312CE05BE90062EA71 /* XCRemoteSwiftPackageReference "Kingfisher" */ = {
			isa = XCRemoteSwiftPackageReference;
			repositoryURL = "https://github.com/onevcat/Kingfisher.git";
			requirement = {
				kind = upToNextMajorVersion;
				minimumVersion = 8.1.0;
			};
		};
/* End XCRemoteSwiftPackageReference section */

/* Begin XCSwiftPackageProductDependency section */
		2EFB31252CE05AE70062EA71 /* FirebaseAuth */ = {
			isa = XCSwiftPackageProductDependency;
			package = 2EFB31242CE05AE70062EA71 /* XCRemoteSwiftPackageReference "firebase-ios-sdk" */;
			productName = FirebaseAuth;
		};
		2EFB31272CE05AE70062EA71 /* FirebaseFirestore */ = {
			isa = XCSwiftPackageProductDependency;
			package = 2EFB31242CE05AE70062EA71 /* XCRemoteSwiftPackageReference "firebase-ios-sdk" */;
			productName = FirebaseFirestore;
		};
		2EFB31292CE05AE70062EA71 /* FirebaseFunctions */ = {
			isa = XCSwiftPackageProductDependency;
			package = 2EFB31242CE05AE70062EA71 /* XCRemoteSwiftPackageReference "firebase-ios-sdk" */;
			productName = FirebaseFunctions;
		};
		2EFB312B2CE05AE70062EA71 /* FirebaseInAppMessaging-Beta */ = {
			isa = XCSwiftPackageProductDependency;
			package = 2EFB31242CE05AE70062EA71 /* XCRemoteSwiftPackageReference "firebase-ios-sdk" */;
			productName = "FirebaseInAppMessaging-Beta";
		};
		2EFB312D2CE05AE70062EA71 /* FirebaseMessaging */ = {
			isa = XCSwiftPackageProductDependency;
			package = 2EFB31242CE05AE70062EA71 /* XCRemoteSwiftPackageReference "firebase-ios-sdk" */;
			productName = FirebaseMessaging;
		};
		2EFB312F2CE05AE70062EA71 /* FirebaseStorage */ = {
			isa = XCSwiftPackageProductDependency;
			package = 2EFB31242CE05AE70062EA71 /* XCRemoteSwiftPackageReference "firebase-ios-sdk" */;
			productName = FirebaseStorage;
		};
		2EFB31322CE05BE90062EA71 /* Kingfisher */ = {
			isa = XCSwiftPackageProductDependency;
			package = 2EFB31312CE05BE90062EA71 /* XCRemoteSwiftPackageReference "Kingfisher" */;
			productName = Kingfisher;
		};
/* End XCSwiftPackageProductDependency section */
	};
	rootObject = 55E6E8852CD3F6F500B2BA5F /* Project object */;
}
